
Microsoft Visual Studio Solution File, Format Version 12.00
# Visual Studio Version 16
VisualStudioVersion = 16.0.30114.105
MinimumVisualStudioVersion = 10.0.40219.1
Project("{9A19103F-16F7-4668-BE54-9A1E7A4F7556}") = "ACM.BL", "ACM.BL\ACM.BL.csproj", "{D1BE2305-F19C-4BDD-A5B3-4638CBDFD6AA}"
EndProject
Project("{2150E333-8FDC-42A3-9474-1A3956D46DE8}") = "Tests", "Tests", "{A7BF94C2-D61A-40EA-AD02-93CCC0723258}"
EndProject
Project("{FAE04EC0-301F-11D3-BF4B-00C04F79EFBC}") = "ACM.BLTest", "Tests\ACM.BLTest\ACM.BLTest.csproj", "{305E4A8A-F16F-4509-8C16-3C024C35D907}"
EndProject
Global
	GlobalSection(SolutionConfigurationPlatforms) = preSolution
		Debug|Any CPU = Debug|Any CPU
		Release|Any CPU = Release|Any CPU
	EndGlobalSection
	GlobalSection(ProjectConfigurationPlatforms) = postSolution
		{D1BE2305-F19C-4BDD-A5B3-4638CBDFD6AA}.Debug|Any CPU.ActiveCfg = Debug|Any CPU
		{D1BE2305-F19C-4BDD-A5B3-4638CBDFD6AA}.Debug|Any CPU.Build.0 = Debug|Any CPU
		{D1BE2305-F19C-4BDD-A5B3-4638CBDFD6AA}.Release|Any CPU.ActiveCfg = Release|Any CPU
		{D1BE2305-F19C-4BDD-A5B3-4638CBDFD6AA}.Release|Any CPU.Build.0 = Release|Any CPU
		{305E4A8A-F16F-4509-8C16-3C024C35D907}.Debug|Any CPU.ActiveCfg = Debug|Any CPU
		{305E4A8A-F16F-4509-8C16-3C024C35D907}.Debug|Any CPU.Build.0 = Debug|Any CPU
		{305E4A8A-F16F-4509-8C16-3C024C35D907}.Release|Any CPU.ActiveCfg = Release|Any CPU
		{305E4A8A-F16F-4509-8C16-3C024C35D907}.Release|Any CPU.Build.0 = Release|Any CPU
	EndGlobalSection
	GlobalSection(SolutionProperties) = preSolution
		HideSolutionNode = FALSE
	EndGlobalSection
	GlobalSection(NestedProjects) = preSolution
		{305E4A8A-F16F-4509-8C16-3C024C35D907} = {A7BF94C2-D61A-40EA-AD02-93CCC0723258}
	EndGlobalSection
	GlobalSection(ExtensibilityGlobals) = postSolution
		SolutionGuid = {51FF30ED-EB06-4423-90E6-3DA4B3B7D987}
	EndGlobalSection
EndGlobal
